
Microsoft Visual Studio Solution File, Format Version 12.00
# Visual Studio 15
VisualStudioVersion = 15.0.28307.852
MinimumVisualStudioVersion = 10.0.40219.1
Project("{FAE04EC0-301F-11D3-BF4B-00C04F79EFBC}") = "Project.UI", "Project.UI\Project.UI.csproj", "{A2F7E294-A9E8-4CC0-B79C-CC0BF384EB6F}"
EndProject
Project("{FAE04EC0-301F-11D3-BF4B-00C04F79EFBC}") = "Project.Core", "Project.Core\Project.Core.csproj", "{7963B696-F72E-40F4-8F2F-8FA3D18D56E8}"
EndProject
Global
	GlobalSection(SolutionConfigurationPlatforms) = preSolution
		Debug|Any CPU = Debug|Any CPU
		Release|Any CPU = Release|Any CPU
	EndGlobalSection
	GlobalSection(ProjectConfigurationPlatforms) = postSolution
		{A2F7E294-A9E8-4CC0-B79C-CC0BF384EB6F}.Debug|Any CPU.ActiveCfg = Debug|Any CPU
		{A2F7E294-A9E8-4CC0-B79C-CC0BF384EB6F}.Debug|Any CPU.Build.0 = Debug|Any CPU
		{A2F7E294-A9E8-4CC0-B79C-CC0BF384EB6F}.Release|Any CPU.ActiveCfg = Release|Any CPU
		{A2F7E294-A9E8-4CC0-B79C-CC0BF384EB6F}.Release|Any CPU.Build.0 = Release|Any CPU
		{7963B696-F72E-40F4-8F2F-8FA3D18D56E8}.Debug|Any CPU.ActiveCfg = Debug|Any CPU
		{7963B696-F72E-40F4-8F2F-8FA3D18D56E8}.Debug|Any CPU.Build.0 = Debug|Any CPU
		{7963B696-F72E-40F4-8F2F-8FA3D18D56E8}.Release|Any CPU.ActiveCfg = Release|Any CPU
		{7963B696-F72E-40F4-8F2F-8FA3D18D56E8}.Release|Any CPU.Build.0 = Release|Any CPU
	EndGlobalSection
	GlobalSection(SolutionProperties) = preSolution
		HideSolutionNode = FALSE
	EndGlobalSection
	GlobalSection(ExtensibilityGlobals) = postSolution
		SolutionGuid = {E15D564F-AE57-45EA-ADDB-1E19BA9CA6FD}
	EndGlobalSection
EndGlobal
